
Microsoft Visual Studio Solution File, Format Version 12.00
# Visual Studio 14
VisualStudioVersion = 14.0.23107.0
MinimumVisualStudioVersion = 10.0.40219.1
Project("{2150E333-8FDC-42A3-9474-1A3956D46DE8}") = "PublishScripts", "PublishScripts", "{5999AF51-3B31-4152-9507-7F8C1C3276EF}"
	ProjectSection(SolutionItems) = preProject
		PublishScripts\AzureWebsitePublishModule.psm1 = PublishScripts\AzureWebsitePublishModule.psm1
		PublishScripts\Publish-WebApplicationWebsite.ps1 = PublishScripts\Publish-WebApplicationWebsite.ps1
	EndProjectSection
EndProject
Project("{2150E333-8FDC-42A3-9474-1A3956D46DE8}") = "Configurations", "Configurations", "{F77641D5-0B07-49B7-9489-A4D543AD06ED}"
	ProjectSection(SolutionItems) = preProject
		PublishScripts\Configurations\JMSX-WAWS-dev.json = PublishScripts\Configurations\JMSX-WAWS-dev.json
	EndProjectSection
EndProject
Project("{FAE04EC0-301F-11D3-BF4B-00C04F79EFBC}") = "Stockimulate", "Stockimulate\Stockimulate.csproj", "{D37EE335-297F-4E0B-A83B-948CB806A72F}"
EndProject
Project("{9344BDBB-3E7F-41FC-A0DD-8665D75EE146}") = "StockimulateScripts", "StockimulateScripts\StockimulateScripts.pssproj", "{3C0EF613-52F4-4308-B85A-983986DBF9F2}"
EndProject
Project("{FAE04EC0-301F-11D3-BF4B-00C04F79EFBC}") = "TradeFixer", "TradeFixer\TradeFixer.csproj", "{0B2101EE-7977-4063-ADE2-430449AB8E28}"
EndProject
Global
	GlobalSection(SolutionConfigurationPlatforms) = preSolution
		Debug|Any CPU = Debug|Any CPU
		Release|Any CPU = Release|Any CPU
	EndGlobalSection
	GlobalSection(ProjectConfigurationPlatforms) = postSolution
		{D37EE335-297F-4E0B-A83B-948CB806A72F}.Debug|Any CPU.ActiveCfg = Debug|Any CPU
		{D37EE335-297F-4E0B-A83B-948CB806A72F}.Debug|Any CPU.Build.0 = Debug|Any CPU
		{D37EE335-297F-4E0B-A83B-948CB806A72F}.Release|Any CPU.ActiveCfg = Release|Any CPU
		{D37EE335-297F-4E0B-A83B-948CB806A72F}.Release|Any CPU.Build.0 = Release|Any CPU
		{3C0EF613-52F4-4308-B85A-983986DBF9F2}.Debug|Any CPU.ActiveCfg = Debug|Any CPU
		{3C0EF613-52F4-4308-B85A-983986DBF9F2}.Debug|Any CPU.Build.0 = Debug|Any CPU
		{3C0EF613-52F4-4308-B85A-983986DBF9F2}.Release|Any CPU.ActiveCfg = Release|Any CPU
		{3C0EF613-52F4-4308-B85A-983986DBF9F2}.Release|Any CPU.Build.0 = Release|Any CPU
		{0B2101EE-7977-4063-ADE2-430449AB8E28}.Debug|Any CPU.ActiveCfg = Debug|Any CPU
		{0B2101EE-7977-4063-ADE2-430449AB8E28}.Debug|Any CPU.Build.0 = Debug|Any CPU
		{0B2101EE-7977-4063-ADE2-430449AB8E28}.Release|Any CPU.ActiveCfg = Release|Any CPU
		{0B2101EE-7977-4063-ADE2-430449AB8E28}.Release|Any CPU.Build.0 = Release|Any CPU
	EndGlobalSection
	GlobalSection(SolutionProperties) = preSolution
		HideSolutionNode = FALSE
	EndGlobalSection
	GlobalSection(NestedProjects) = preSolution
		{F77641D5-0B07-49B7-9489-A4D543AD06ED} = {5999AF51-3B31-4152-9507-7F8C1C3276EF}
	EndGlobalSection
	GlobalSection(TeamFoundationVersionControl) = preSolution
		SccNumberOfProjects = 3
		SccEnterpriseProvider = {4CA58AB2-18FA-4F8D-95D4-32DDF27D184C}
		SccTeamFoundationServer = https://samarmand.visualstudio.com/defaultcollection
		SccProjectUniqueName0 = StockimulateScripts\\StockimulateScripts.pssproj
		SccProjectName0 = StockimulateScripts
		SccLocalPath0 = StockimulateScripts
		SccProjectUniqueName1 = Stockimulate\\Stockimulate.csproj
		SccProjectName1 = Stockimulate
		SccLocalPath1 = Stockimulate
		SccLocalPath2 = .
	EndGlobalSection
EndGlobal
